// !$*UTF8*$!
{
	archiveVersion = 1;
	classes = {
	};
	objectVersion = 51;
	objects = {

/* Begin PBXBuildFile section */
		6F00424B26314FD300398ED4 /* AppDelegate.swift in Sources */ = {isa = PBXBuildFile; fileRef = 6F00424A26314FD300398ED4 /* AppDelegate.swift */; };
		6F00424D26314FD300398ED4 /* SceneDelegate.swift in Sources */ = {isa = PBXBuildFile; fileRef = 6F00424C26314FD300398ED4 /* SceneDelegate.swift */; };
		6F00424F26314FD300398ED4 /* ViewController.swift in Sources */ = {isa = PBXBuildFile; fileRef = 6F00424E26314FD300398ED4 /* ViewController.swift */; };
		6F00425226314FD300398ED4 /* Main.storyboard in Resources */ = {isa = PBXBuildFile; fileRef = 6F00425026314FD300398ED4 /* Main.storyboard */; };
		6F00425426314FD400398ED4 /* Assets.xcassets in Resources */ = {isa = PBXBuildFile; fileRef = 6F00425326314FD400398ED4 /* Assets.xcassets */; };
		6F00425726314FD400398ED4 /* LaunchScreen.storyboard in Resources */ = {isa = PBXBuildFile; fileRef = 6F00425526314FD400398ED4 /* LaunchScreen.storyboard */; };
		6F00427E263150EC00398ED4 /* WJWBaseTabBarViewController.swift in Sources */ = {isa = PBXBuildFile; fileRef = 6F00427D263150EC00398ED4 /* WJWBaseTabBarViewController.swift */; };
		6F0042822631511300398ED4 /* WJWBaseViewController.swift in Sources */ = {isa = PBXBuildFile; fileRef = 6F0042812631511300398ED4 /* WJWBaseViewController.swift */; };
		6F0042862631512A00398ED4 /* WJWMyViewController.swift in Sources */ = {isa = PBXBuildFile; fileRef = 6F0042852631512A00398ED4 /* WJWMyViewController.swift */; };
		6F0042892631513E00398ED4 /* WJWDiscoverViewController.swift in Sources */ = {isa = PBXBuildFile; fileRef = 6F0042882631513E00398ED4 /* WJWDiscoverViewController.swift */; };
		6F00428C2631515000398ED4 /* WJWFavoriteViewController.swift in Sources */ = {isa = PBXBuildFile; fileRef = 6F00428B2631515000398ED4 /* WJWFavoriteViewController.swift */; };
		6F00428F2631515C00398ED4 /* WJWMessageViewController.swift in Sources */ = {isa = PBXBuildFile; fileRef = 6F00428E2631515C00398ED4 /* WJWMessageViewController.swift */; };
		6F0042922631516700398ED4 /* WJWHomeViewController.swift in Sources */ = {isa = PBXBuildFile; fileRef = 6F0042912631516700398ED4 /* WJWHomeViewController.swift */; };
		6F00429826315FD800398ED4 /* WJWPublic.swift in Sources */ = {isa = PBXBuildFile; fileRef = 6F00429726315FD800398ED4 /* WJWPublic.swift */; };
		6F0042A526316C5C00398ED4 /* WJWGCDViewController.swift in Sources */ = {isa = PBXBuildFile; fileRef = 6F0042A426316C5C00398ED4 /* WJWGCDViewController.swift */; };
		6F0042A826319B1E00398ED4 /* WJWWhisperViewController.swift in Sources */ = {isa = PBXBuildFile; fileRef = 6F0042A726319B1E00398ED4 /* WJWWhisperViewController.swift */; };
		77A9135FCAC34180FCFBD68B /* Pods_SwiftTips.framework in Frameworks */ = {isa = PBXBuildFile; fileRef = 3F47E5775B10E1F5FB7E2282 /* Pods_SwiftTips.framework */; };
/* End PBXBuildFile section */

/* Begin PBXFileReference section */
		35336E7228168960176C159A /* Pods-SwiftTips.release.xcconfig */ = {isa = PBXFileReference; includeInIndex = 1; lastKnownFileType = text.xcconfig; name = "Pods-SwiftTips.release.xcconfig"; path = "Target Support Files/Pods-SwiftTips/Pods-SwiftTips.release.xcconfig"; sourceTree = "<group>"; };
		3F47E5775B10E1F5FB7E2282 /* Pods_SwiftTips.framework */ = {isa = PBXFileReference; explicitFileType = wrapper.framework; includeInIndex = 0; path = Pods_SwiftTips.framework; sourceTree = BUILT_PRODUCTS_DIR; };
		6F00424726314FD300398ED4 /* SwiftTips.app */ = {isa = PBXFileReference; explicitFileType = wrapper.application; includeInIndex = 0; path = SwiftTips.app; sourceTree = BUILT_PRODUCTS_DIR; };
		6F00424A26314FD300398ED4 /* AppDelegate.swift */ = {isa = PBXFileReference; lastKnownFileType = sourcecode.swift; path = AppDelegate.swift; sourceTree = "<group>"; };
		6F00424C26314FD300398ED4 /* SceneDelegate.swift */ = {isa = PBXFileReference; lastKnownFileType = sourcecode.swift; path = SceneDelegate.swift; sourceTree = "<group>"; };
		6F00424E26314FD300398ED4 /* ViewController.swift */ = {isa = PBXFileReference; lastKnownFileType = sourcecode.swift; path = ViewController.swift; sourceTree = "<group>"; };
		6F00425126314FD300398ED4 /* Base */ = {isa = PBXFileReference; lastKnownFileType = file.storyboard; name = Base; path = Base.lproj/Main.storyboard; sourceTree = "<group>"; };
		6F00425326314FD400398ED4 /* Assets.xcassets */ = {isa = PBXFileReference; lastKnownFileType = folder.assetcatalog; path = Assets.xcassets; sourceTree = "<group>"; };
		6F00425626314FD400398ED4 /* Base */ = {isa = PBXFileReference; lastKnownFileType = file.storyboard; name = Base; path = Base.lproj/LaunchScreen.storyboard; sourceTree = "<group>"; };
		6F00425826314FD400398ED4 /* Info.plist */ = {isa = PBXFileReference; lastKnownFileType = text.plist.xml; path = Info.plist; sourceTree = "<group>"; };
		6F00427D263150EC00398ED4 /* WJWBaseTabBarViewController.swift */ = {isa = PBXFileReference; lastKnownFileType = sourcecode.swift; path = WJWBaseTabBarViewController.swift; sourceTree = "<group>"; };
		6F0042812631511300398ED4 /* WJWBaseViewController.swift */ = {isa = PBXFileReference; lastKnownFileType = sourcecode.swift; path = WJWBaseViewController.swift; sourceTree = "<group>"; };
		6F0042852631512A00398ED4 /* WJWMyViewController.swift */ = {isa = PBXFileReference; lastKnownFileType = sourcecode.swift; path = WJWMyViewController.swift; sourceTree = "<group>"; };
		6F0042882631513E00398ED4 /* WJWDiscoverViewController.swift */ = {isa = PBXFileReference; lastKnownFileType = sourcecode.swift; path = WJWDiscoverViewController.swift; sourceTree = "<group>"; };
		6F00428B2631515000398ED4 /* WJWFavoriteViewController.swift */ = {isa = PBXFileReference; lastKnownFileType = sourcecode.swift; path = WJWFavoriteViewController.swift; sourceTree = "<group>"; };
		6F00428E2631515C00398ED4 /* WJWMessageViewController.swift */ = {isa = PBXFileReference; lastKnownFileType = sourcecode.swift; path = WJWMessageViewController.swift; sourceTree = "<group>"; };
		6F0042912631516700398ED4 /* WJWHomeViewController.swift */ = {isa = PBXFileReference; lastKnownFileType = sourcecode.swift; path = WJWHomeViewController.swift; sourceTree = "<group>"; };
		6F00429726315FD800398ED4 /* WJWPublic.swift */ = {isa = PBXFileReference; lastKnownFileType = sourcecode.swift; path = WJWPublic.swift; sourceTree = "<group>"; };
		6F0042A426316C5C00398ED4 /* WJWGCDViewController.swift */ = {isa = PBXFileReference; lastKnownFileType = sourcecode.swift; path = WJWGCDViewController.swift; sourceTree = "<group>"; };
		6F0042A726319B1E00398ED4 /* WJWWhisperViewController.swift */ = {isa = PBXFileReference; lastKnownFileType = sourcecode.swift; path = WJWWhisperViewController.swift; sourceTree = "<group>"; };
		BD8AE8D10A1FC0088E547A44 /* Pods-SwiftTips.debug.xcconfig */ = {isa = PBXFileReference; includeInIndex = 1; lastKnownFileType = text.xcconfig; name = "Pods-SwiftTips.debug.xcconfig"; path = "Target Support Files/Pods-SwiftTips/Pods-SwiftTips.debug.xcconfig"; sourceTree = "<group>"; };
/* End PBXFileReference section */

/* Begin PBXFrameworksBuildPhase section */
		6F00424426314FD300398ED4 /* Frameworks */ = {
			isa = PBXFrameworksBuildPhase;
			buildActionMask = 2147483647;
			files = (
				77A9135FCAC34180FCFBD68B /* Pods_SwiftTips.framework in Frameworks */,
			);
			runOnlyForDeploymentPostprocessing = 0;
		};
/* End PBXFrameworksBuildPhase section */

/* Begin PBXGroup section */
		2C318D615820D5E82425492F /* Frameworks */ = {
			isa = PBXGroup;
			children = (
				3F47E5775B10E1F5FB7E2282 /* Pods_SwiftTips.framework */,
			);
			name = Frameworks;
			sourceTree = "<group>";
		};
		3B74C5C4EA787DC3C865717F /* Pods */ = {
			isa = PBXGroup;
			children = (
				BD8AE8D10A1FC0088E547A44 /* Pods-SwiftTips.debug.xcconfig */,
				35336E7228168960176C159A /* Pods-SwiftTips.release.xcconfig */,
			);
			path = Pods;
			sourceTree = "<group>";
		};
		6F00423E26314FD300398ED4 = {
			isa = PBXGroup;
			children = (
				6F00424926314FD300398ED4 /* SwiftTips */,
				6F00424826314FD300398ED4 /* Products */,
				3B74C5C4EA787DC3C865717F /* Pods */,
				2C318D615820D5E82425492F /* Frameworks */,
			);
			sourceTree = "<group>";
		};
		6F00424826314FD300398ED4 /* Products */ = {
			isa = PBXGroup;
			children = (
				6F00424726314FD300398ED4 /* SwiftTips.app */,
			);
			name = Products;
			sourceTree = "<group>";
		};
		6F00424926314FD300398ED4 /* SwiftTips */ = {
			isa = PBXGroup;
			children = (
				6F00429526315FB000398ED4 /* Tools */,
				6F00426C2631501600398ED4 /* Classes */,
				6F00424A26314FD300398ED4 /* AppDelegate.swift */,
				6F00424C26314FD300398ED4 /* SceneDelegate.swift */,
				6F00424E26314FD300398ED4 /* ViewController.swift */,
				6F00425026314FD300398ED4 /* Main.storyboard */,
				6F00425326314FD400398ED4 /* Assets.xcassets */,
				6F00425526314FD400398ED4 /* LaunchScreen.storyboard */,
				6F00425826314FD400398ED4 /* Info.plist */,
			);
			path = SwiftTips;
			sourceTree = "<group>";
		};
		6F00426C2631501600398ED4 /* Classes */ = {
			isa = PBXGroup;
			children = (
				6F00427C263150C900398ED4 /* Home */,
				6F00427B263150C400398ED4 /* Message */,
				6F00427A263150B700398ED4 /* Favorite */,
				6F004279263150AC00398ED4 /* Discover */,
				6F004278263150A700398ED4 /* My */,
				6F004277263150A100398ED4 /* Base */,
			);
			path = Classes;
			sourceTree = "<group>";
		};
		6F004277263150A100398ED4 /* Base */ = {
			isa = PBXGroup;
			children = (
				6F00427D263150EC00398ED4 /* WJWBaseTabBarViewController.swift */,
				6F0042812631511300398ED4 /* WJWBaseViewController.swift */,
			);
			path = Base;
			sourceTree = "<group>";
		};
		6F004278263150A700398ED4 /* My */ = {
			isa = PBXGroup;
			children = (
				6F0042852631512A00398ED4 /* WJWMyViewController.swift */,
			);
			path = My;
			sourceTree = "<group>";
		};
		6F004279263150AC00398ED4 /* Discover */ = {
			isa = PBXGroup;
			children = (
				6F0042882631513E00398ED4 /* WJWDiscoverViewController.swift */,
			);
			path = Discover;
			sourceTree = "<group>";
		};
		6F00427A263150B700398ED4 /* Favorite */ = {
			isa = PBXGroup;
			children = (
				6F00428B2631515000398ED4 /* WJWFavoriteViewController.swift */,
			);
			path = Favorite;
			sourceTree = "<group>";
		};
		6F00427B263150C400398ED4 /* Message */ = {
			isa = PBXGroup;
			children = (
				6F00428E2631515C00398ED4 /* WJWMessageViewController.swift */,
			);
			path = Message;
			sourceTree = "<group>";
		};
		6F00427C263150C900398ED4 /* Home */ = {
			isa = PBXGroup;
			children = (
				6F0042912631516700398ED4 /* WJWHomeViewController.swift */,
				6F0042A426316C5C00398ED4 /* WJWGCDViewController.swift */,
				6F0042A726319B1E00398ED4 /* WJWWhisperViewController.swift */,
			);
			path = Home;
			sourceTree = "<group>";
		};
		6F00429526315FB000398ED4 /* Tools */ = {
			isa = PBXGroup;
			children = (
				6F00429726315FD800398ED4 /* WJWPublic.swift */,
			);
			path = Tools;
			sourceTree = "<group>";
		};
/* End PBXGroup section */

/* Begin PBXNativeTarget section */
		6F00424626314FD300398ED4 /* SwiftTips */ = {
			isa = PBXNativeTarget;
			buildConfigurationList = 6F00425B26314FD400398ED4 /* Build configuration list for PBXNativeTarget "SwiftTips" */;
			buildPhases = (
				D6CE31509BE28A0BDA0096BE /* [CP] Check Pods Manifest.lock */,
				6F00424326314FD300398ED4 /* Sources */,
				6F00424426314FD300398ED4 /* Frameworks */,
				6F00424526314FD300398ED4 /* Resources */,
				B5D1B9D3E13E44C5F3BBFC63 /* [CP] Embed Pods Frameworks */,
			);
			buildRules = (
			);
			dependencies = (
			);
			name = SwiftTips;
			productName = SwiftTips;
			productReference = 6F00424726314FD300398ED4 /* SwiftTips.app */;
			productType = "com.apple.product-type.application";
		};
/* End PBXNativeTarget section */

/* Begin PBXProject section */
		6F00423F26314FD300398ED4 /* Project object */ = {
			isa = PBXProject;
			attributes = {
				CLASSPREFIX = WJW;
				LastSwiftUpdateCheck = 1220;
				LastUpgradeCheck = 1220;
				TargetAttributes = {
					6F00424626314FD300398ED4 = {
						CreatedOnToolsVersion = 12.2;
					};
				};
			};
			buildConfigurationList = 6F00424226314FD300398ED4 /* Build configuration list for PBXProject "SwiftTips" */;
			compatibilityVersion = "Xcode 9.3";
			developmentRegion = en;
			hasScannedForEncodings = 0;
			knownRegions = (
				en,
				Base,
			);
			mainGroup = 6F00423E26314FD300398ED4;
			productRefGroup = 6F00424826314FD300398ED4 /* Products */;
			projectDirPath = "";
			projectRoot = "";
			targets = (
				6F00424626314FD300398ED4 /* SwiftTips */,
			);
		};
/* End PBXProject section */

/* Begin PBXResourcesBuildPhase section */
		6F00424526314FD300398ED4 /* Resources */ = {
			isa = PBXResourcesBuildPhase;
			buildActionMask = 2147483647;
			files = (
				6F00425726314FD400398ED4 /* LaunchScreen.storyboard in Resources */,
				6F00425426314FD400398ED4 /* Assets.xcassets in Resources */,
				6F00425226314FD300398ED4 /* Main.storyboard in Resources */,
			);
			runOnlyForDeploymentPostprocessing = 0;
		};
/* End PBXResourcesBuildPhase section */

/* Begin PBXShellScriptBuildPhase section */
		B5D1B9D3E13E44C5F3BBFC63 /* [CP] Embed Pods Frameworks */ = {
			isa = PBXShellScriptBuildPhase;
			buildActionMask = 2147483647;
			files = (
			);
			inputFileListPaths = (
				"${PODS_ROOT}/Target Support Files/Pods-SwiftTips/Pods-SwiftTips-frameworks-${CONFIGURATION}-input-files.xcfilelist",
			);
			name = "[CP] Embed Pods Frameworks";
			outputFileListPaths = (
				"${PODS_ROOT}/Target Support Files/Pods-SwiftTips/Pods-SwiftTips-frameworks-${CONFIGURATION}-output-files.xcfilelist",
			);
			runOnlyForDeploymentPostprocessing = 0;
			shellPath = /bin/sh;
			shellScript = "\"${PODS_ROOT}/Target Support Files/Pods-SwiftTips/Pods-SwiftTips-frameworks.sh\"\n";
			showEnvVarsInLog = 0;
		};
		D6CE31509BE28A0BDA0096BE /* [CP] Check Pods Manifest.lock */ = {
			isa = PBXShellScriptBuildPhase;
			buildActionMask = 2147483647;
			files = (
			);
			inputFileListPaths = (
			);
			inputPaths = (
				"${PODS_PODFILE_DIR_PATH}/Podfile.lock",
				"${PODS_ROOT}/Manifest.lock",
			);
			name = "[CP] Check Pods Manifest.lock";
			outputFileListPaths = (
			);
			outputPaths = (
				"$(DERIVED_FILE_DIR)/Pods-SwiftTips-checkManifestLockResult.txt",
			);
			runOnlyForDeploymentPostprocessing = 0;
			shellPath = /bin/sh;
			shellScript = "diff \"${PODS_PODFILE_DIR_PATH}/Podfile.lock\" \"${PODS_ROOT}/Manifest.lock\" > /dev/null\nif [ $? != 0 ] ; then\n    # print error to STDERR\n    echo \"error: The sandbox is not in sync with the Podfile.lock. Run 'pod install' or update your CocoaPods installation.\" >&2\n    exit 1\nfi\n# This output is used by Xcode 'outputs' to avoid re-running this script phase.\necho \"SUCCESS\" > \"${SCRIPT_OUTPUT_FILE_0}\"\n";
			showEnvVarsInLog = 0;
		};
/* End PBXShellScriptBuildPhase section */

/* Begin PBXSourcesBuildPhase section */
		6F00424326314FD300398ED4 /* Sources */ = {
			isa = PBXSourcesBuildPhase;
			buildActionMask = 2147483647;
			files = (
				6F0042A826319B1E00398ED4 /* WJWWhisperViewController.swift in Sources */,
				6F00424F26314FD300398ED4 /* ViewController.swift in Sources */,
				6F00428C2631515000398ED4 /* WJWFavoriteViewController.swift in Sources */,
				6F0042892631513E00398ED4 /* WJWDiscoverViewController.swift in Sources */,
				6F00424B26314FD300398ED4 /* AppDelegate.swift in Sources */,
				6F0042922631516700398ED4 /* WJWHomeViewController.swift in Sources */,
				6F00428F2631515C00398ED4 /* WJWMessageViewController.swift in Sources */,
				6F00429826315FD800398ED4 /* WJWPublic.swift in Sources */,
				6F00427E263150EC00398ED4 /* WJWBaseTabBarViewController.swift in Sources */,
				6F0042862631512A00398ED4 /* WJWMyViewController.swift in Sources */,
				6F0042822631511300398ED4 /* WJWBaseViewController.swift in Sources */,
				6F0042A526316C5C00398ED4 /* WJWGCDViewController.swift in Sources */,
				6F00424D26314FD300398ED4 /* SceneDelegate.swift in Sources */,
			);
			runOnlyForDeploymentPostprocessing = 0;
		};
/* End PBXSourcesBuildPhase section */

/* Begin PBXVariantGroup section */
		6F00425026314FD300398ED4 /* Main.storyboard */ = {
			isa = PBXVariantGroup;
			children = (
				6F00425126314FD300398ED4 /* Base */,
			);
			name = Main.storyboard;
			sourceTree = "<group>";
		};
		6F00425526314FD400398ED4 /* LaunchScreen.storyboard */ = {
			isa = PBXVariantGroup;
			children = (
				6F00425626314FD400398ED4 /* Base */,
			);
			name = LaunchScreen.storyboard;
			sourceTree = "<group>";
		};
/* End PBXVariantGroup section */

/* Begin XCBuildConfiguration section */
		6F00425926314FD400398ED4 /* Debug */ = {
			isa = XCBuildConfiguration;
			buildSettings = {
				ALWAYS_SEARCH_USER_PATHS = NO;
				CLANG_ANALYZER_NONNULL = YES;
				CLANG_ANALYZER_NUMBER_OBJECT_CONVERSION = YES_AGGRESSIVE;
				CLANG_CXX_LANGUAGE_STANDARD = "gnu++14";
				CLANG_CXX_LIBRARY = "libc++";
				CLANG_ENABLE_MODULES = YES;
				CLANG_ENABLE_OBJC_ARC = YES;
				CLANG_ENABLE_OBJC_WEAK = YES;
				CLANG_WARN_BLOCK_CAPTURE_AUTORELEASING = YES;
				CLANG_WARN_BOOL_CONVERSION = YES;
				CLANG_WARN_COMMA = YES;
				CLANG_WARN_CONSTANT_CONVERSION = YES;
				CLANG_WARN_DEPRECATED_OBJC_IMPLEMENTATIONS = YES;
				CLANG_WARN_DIRECT_OBJC_ISA_USAGE = YES_ERROR;
				CLANG_WARN_DOCUMENTATION_COMMENTS = YES;
				CLANG_WARN_EMPTY_BODY = YES;
				CLANG_WARN_ENUM_CONVERSION = YES;
				CLANG_WARN_INFINITE_RECURSION = YES;
				CLANG_WARN_INT_CONVERSION = YES;
				CLANG_WARN_NON_LITERAL_NULL_CONVERSION = YES;
				CLANG_WARN_OBJC_IMPLICIT_RETAIN_SELF = YES;
				CLANG_WARN_OBJC_LITERAL_CONVERSION = YES;
				CLANG_WARN_OBJC_ROOT_CLASS = YES_ERROR;
				CLANG_WARN_QUOTED_INCLUDE_IN_FRAMEWORK_HEADER = YES;
				CLANG_WARN_RANGE_LOOP_ANALYSIS = YES;
				CLANG_WARN_STRICT_PROTOTYPES = YES;
				CLANG_WARN_SUSPICIOUS_MOVE = YES;
				CLANG_WARN_UNGUARDED_AVAILABILITY = YES_AGGRESSIVE;
				CLANG_WARN_UNREACHABLE_CODE = YES;
				CLANG_WARN__DUPLICATE_METHOD_MATCH = YES;
				COPY_PHASE_STRIP = NO;
				DEBUG_INFORMATION_FORMAT = dwarf;
				ENABLE_STRICT_OBJC_MSGSEND = YES;
				ENABLE_TESTABILITY = YES;
				GCC_C_LANGUAGE_STANDARD = gnu11;
				GCC_DYNAMIC_NO_PIC = NO;
				GCC_NO_COMMON_BLOCKS = YES;
				GCC_OPTIMIZATION_LEVEL = 0;
				GCC_PREPROCESSOR_DEFINITIONS = (
					"DEBUG=1",
					"$(inherited)",
				);
				GCC_WARN_64_TO_32_BIT_CONVERSION = YES;
				GCC_WARN_ABOUT_RETURN_TYPE = YES_ERROR;
				GCC_WARN_UNDECLARED_SELECTOR = YES;
				GCC_WARN_UNINITIALIZED_AUTOS = YES_AGGRESSIVE;
				GCC_WARN_UNUSED_FUNCTION = YES;
				GCC_WARN_UNUSED_VARIABLE = YES;
				IPHONEOS_DEPLOYMENT_TARGET = 14.2;
				MTL_ENABLE_DEBUG_INFO = INCLUDE_SOURCE;
				MTL_FAST_MATH = YES;
				ONLY_ACTIVE_ARCH = YES;
				SDKROOT = iphoneos;
				SWIFT_ACTIVE_COMPILATION_CONDITIONS = DEBUG;
				SWIFT_OPTIMIZATION_LEVEL = "-Onone";
			};
			name = Debug;
		};
		6F00425A26314FD400398ED4 /* Release */ = {
			isa = XCBuildConfiguration;
			buildSettings = {
				ALWAYS_SEARCH_USER_PATHS = NO;
				CLANG_ANALYZER_NONNULL = YES;
				CLANG_ANALYZER_NUMBER_OBJECT_CONVERSION = YES_AGGRESSIVE;
				CLANG_CXX_LANGUAGE_STANDARD = "gnu++14";
				CLANG_CXX_LIBRARY = "libc++";
				CLANG_ENABLE_MODULES = YES;
				CLANG_ENABLE_OBJC_ARC = YES;
				CLANG_ENABLE_OBJC_WEAK = YES;
				CLANG_WARN_BLOCK_CAPTURE_AUTORELEASING = YES;
				CLANG_WARN_BOOL_CONVERSION = YES;
				CLANG_WARN_COMMA = YES;
				CLANG_WARN_CONSTANT_CONVERSION = YES;
				CLANG_WARN_DEPRECATED_OBJC_IMPLEMENTATIONS = YES;
				CLANG_WARN_DIRECT_OBJC_ISA_USAGE = YES_ERROR;
				CLANG_WARN_DOCUMENTATION_COMMENTS = YES;
				CLANG_WARN_EMPTY_BODY = YES;
				CLANG_WARN_ENUM_CONVERSION = YES;
				CLANG_WARN_INFINITE_RECURSION = YES;
				CLANG_WARN_INT_CONVERSION = YES;
				CLANG_WARN_NON_LITERAL_NULL_CONVERSION = YES;
				CLANG_WARN_OBJC_IMPLICIT_RETAIN_SELF = YES;
				CLANG_WARN_OBJC_LITERAL_CONVERSION = YES;
				CLANG_WARN_OBJC_ROOT_CLASS = YES_ERROR;
				CLANG_WARN_QUOTED_INCLUDE_IN_FRAMEWORK_HEADER = YES;
				CLANG_WARN_RANGE_LOOP_ANALYSIS = YES;
				CLANG_WARN_STRICT_PROTOTYPES = YES;
				CLANG_WARN_SUSPICIOUS_MOVE = YES;
				CLANG_WARN_UNGUARDED_AVAILABILITY = YES_AGGRESSIVE;
				CLANG_WARN_UNREACHABLE_CODE = YES;
				CLANG_WARN__DUPLICATE_METHOD_MATCH = YES;
				COPY_PHASE_STRIP = NO;
				DEBUG_INFORMATION_FORMAT = "dwarf-with-dsym";
				ENABLE_NS_ASSERTIONS = NO;
				ENABLE_STRICT_OBJC_MSGSEND = YES;
				GCC_C_LANGUAGE_STANDARD = gnu11;
				GCC_NO_COMMON_BLOCKS = YES;
				GCC_WARN_64_TO_32_BIT_CONVERSION = YES;
				GCC_WARN_ABOUT_RETURN_TYPE = YES_ERROR;
				GCC_WARN_UNDECLARED_SELECTOR = YES;
				GCC_WARN_UNINITIALIZED_AUTOS = YES_AGGRESSIVE;
				GCC_WARN_UNUSED_FUNCTION = YES;
				GCC_WARN_UNUSED_VARIABLE = YES;
				IPHONEOS_DEPLOYMENT_TARGET = 14.2;
				MTL_ENABLE_DEBUG_INFO = NO;
				MTL_FAST_MATH = YES;
				SDKROOT = iphoneos;
				SWIFT_COMPILATION_MODE = wholemodule;
				SWIFT_OPTIMIZATION_LEVEL = "-O";
				VALIDATE_PRODUCT = YES;
			};
			name = Release;
		};
		6F00425C26314FD400398ED4 /* Debug */ = {
			isa = XCBuildConfiguration;
			baseConfigurationReference = BD8AE8D10A1FC0088E547A44 /* Pods-SwiftTips.debug.xcconfig */;
			buildSettings = {
				ASSETCATALOG_COMPILER_APPICON_NAME = AppIcon;
				ASSETCATALOG_COMPILER_GLOBAL_ACCENT_COLOR_NAME = AccentColor;
				CODE_SIGN_STYLE = Automatic;
				DEVELOPMENT_TEAM = LHK6PK48JE;
				INFOPLIST_FILE = SwiftTips/Info.plist;
				LD_RUNPATH_SEARCH_PATHS = (
					"$(inherited)",
					"@executable_path/Frameworks",
				);
				PRODUCT_BUNDLE_IDENTIFIER = com.wjw.SwiftTips;
				PRODUCT_NAME = "$(TARGET_NAME)";
				SWIFT_VERSION = 5.0;
				TARGETED_DEVICE_FAMILY = "1,2";
			};
			name = Debug;
		};
		6F00425D26314FD400398ED4 /* Release */ = {
			isa = XCBuildConfiguration;
			baseConfigurationReference = 35336E7228168960176C159A /* Pods-SwiftTips.release.xcconfig */;
			buildSettings = {
				ASSETCATALOG_COMPILER_APPICON_NAME = AppIcon;
				ASSETCATALOG_COMPILER_GLOBAL_ACCENT_COLOR_NAME = AccentColor;
				CODE_SIGN_STYLE = Automatic;
				DEVELOPMENT_TEAM = LHK6PK48JE;
				INFOPLIST_FILE = SwiftTips/Info.plist;
				LD_RUNPATH_SEARCH_PATHS = (
					"$(inherited)",
					"@executable_path/Frameworks",
				);
				PRODUCT_BUNDLE_IDENTIFIER = com.wjw.SwiftTips;
				PRODUCT_NAME = "$(TARGET_NAME)";
				SWIFT_VERSION = 5.0;
				TARGETED_DEVICE_FAMILY = "1,2";
			};
			name = Release;
		};
/* End XCBuildConfiguration section */

/* Begin XCConfigurationList section */
		6F00424226314FD300398ED4 /* Build configuration list for PBXProject "SwiftTips" */ = {
			isa = XCConfigurationList;
			buildConfigurations = (
				6F00425926314FD400398ED4 /* Debug */,
				6F00425A26314FD400398ED4 /* Release */,
			);
			defaultConfigurationIsVisible = 0;
			defaultConfigurationName = Release;
		};
		6F00425B26314FD400398ED4 /* Build configuration list for PBXNativeTarget "SwiftTips" */ = {
			isa = XCConfigurationList;
			buildConfigurations = (
				6F00425C26314FD400398ED4 /* Debug */,
				6F00425D26314FD400398ED4 /* Release */,
			);
			defaultConfigurationIsVisible = 0;
			defaultConfigurationName = Release;
		};
/* End XCConfigurationList section */
	};
	rootObject = 6F00423F26314FD300398ED4 /* Project object */;
}
